{
	"name": "parseapi",
	"version": "0.3.2",
	"lockfileVersion": 3,
	"requires": true,
	"packages": {
		"": {
			"name": "parseapi",
			"version": "0.3.2",
			"license": "MIT",
			"dependencies": {
				"@parseapi/sdk": "^0.3.2"
			},
			"engines": {
				"node": ">=18"
			}
		},
		"node_modules/@parseapi/sdk": {
			"version": "0.3.2",
			"resolved": "https://registry.npmjs.org/@parseapi/sdk/-/sdk-0.3.2.tgz",
			"integrity": "sha512-TllTqfEYcY79hMlbKdc8IqxPKIqCUxNvjFqVbJb6CUpwYszKj+bxWWneyXE+x/tk3FRf8PVfuM4lSxc6OvJ/HA==",
			"license": "MIT",
			"engines": {
				"node": ">=18"
			}
		}
	}
}
