{
	"name": "parseapi",
	"version": "0.1.2",
	"lockfileVersion": 3,
	"requires": true,
	"packages": {
		"": {
			"name": "parseapi",
			"version": "0.1.2",
			"license": "MIT",
			"dependencies": {
				"@parseapi/sdk": "^0.1.2"
			},
			"engines": {
				"node": ">=18"
			}
		},
		"node_modules/@parseapi/sdk": {
			"version": "0.1.2",
			"resolved": "https://registry.npmjs.org/@parseapi/sdk/-/sdk-0.1.2.tgz",
			"integrity": "sha512-iamO4VlynDNod4ooMpfraB+VRwgFt7MZTxZB4XwhyThFewaaHHn9f2JrHdW1CVZMDDjgX+2ZCY0rXIlJZ6olgw==",
			"license": "MIT",
			"engines": {
				"node": ">=18"
			}
		}
	}
}
