{
	"name": "parseapi",
	"version": "0.3.2",
	"lockfileVersion": 3,
	"requires": true,
	"packages": {
		"": {
			"name": "parseapi",
			"version": "0.3.2",
			"license": "MIT",
			"dependencies": {
				"@parseapi/sdk": "^0.3.1"
			},
			"engines": {
				"node": ">=18"
			}
		},
		"node_modules/@parseapi/sdk": {
			"version": "0.3.1",
			"resolved": "https://registry.npmjs.org/@parseapi/sdk/-/sdk-0.3.1.tgz",
			"integrity": "sha512-fsFN42XucSQhM6eNZd0p5QOg0o2NH54djOjrwrwFNCZoxDQuf0lSIwcgUIIU5687fp5cUcYO7OFRYd6dB1xdSw==",
			"license": "MIT",
			"engines": {
				"node": ">=18"
			}
		}
	}
}
